// !$*UTF8*$!
{
	archiveVersion = 1;
	classes = {
	};
	objectVersion = 55;
	objects = {

/* Begin PBXBuildFile section */
		301366F627CF2B8000AB99DB /* WalletNonEmptyView.swift in Sources */ = {isa = PBXBuildFile; fileRef = 301366F527CF2B8000AB99DB /* WalletNonEmptyView.swift */; };
		301366F927CF30E100AB99DB /* OrderHistoryView.swift in Sources */ = {isa = PBXBuildFile; fileRef = 301366F827CF30E100AB99DB /* OrderHistoryView.swift */; };
		301366FB27CF320700AB99DB /* OrderHistoryEmptyView.swift in Sources */ = {isa = PBXBuildFile; fileRef = 301366FA27CF320700AB99DB /* OrderHistoryEmptyView.swift */; };
		301366FD27CF321C00AB99DB /* OrderHistoryNonEmptyView.swift in Sources */ = {isa = PBXBuildFile; fileRef = 301366FC27CF321C00AB99DB /* OrderHistoryNonEmptyView.swift */; };
		3040F31327C9DAE5002BAC71 /* DefaultView.swift in Sources */ = {isa = PBXBuildFile; fileRef = 3040F31227C9DAE5002BAC71 /* DefaultView.swift */; };
		3040F31727C9DB36002BAC71 /* HomeView.swift in Sources */ = {isa = PBXBuildFile; fileRef = 3040F31627C9DB36002BAC71 /* HomeView.swift */; };
		3040F31A27C9DB63002BAC71 /* Card.swift in Sources */ = {isa = PBXBuildFile; fileRef = 3040F31927C9DB63002BAC71 /* Card.swift */; };
		3040F31C27C9DB73002BAC71 /* Filter.swift in Sources */ = {isa = PBXBuildFile; fileRef = 3040F31B27C9DB73002BAC71 /* Filter.swift */; };
		3040F31F27C9DD1B002BAC71 /* Restaurant.swift in Sources */ = {isa = PBXBuildFile; fileRef = 3040F31E27C9DD1B002BAC71 /* Restaurant.swift */; };
		3040F32227C9DD41002BAC71 /* restaurants.json in Resources */ = {isa = PBXBuildFile; fileRef = 3040F32127C9DD41002BAC71 /* restaurants.json */; };
		3040F32627CC1B20002BAC71 /* UserAccountView.swift in Sources */ = {isa = PBXBuildFile; fileRef = 3040F32527CC1B20002BAC71 /* UserAccountView.swift */; };
		3040F32827CC1B4B002BAC71 /* UserAuthModel.swift in Sources */ = {isa = PBXBuildFile; fileRef = 3040F32727CC1B4B002BAC71 /* UserAuthModel.swift */; };
		3040F32A27CC1D33002BAC71 /* SignInView.swift in Sources */ = {isa = PBXBuildFile; fileRef = 3040F32927CC1D33002BAC71 /* SignInView.swift */; };
		3040F32C27CC1D4A002BAC71 /* SignOutView.swift in Sources */ = {isa = PBXBuildFile; fileRef = 3040F32B27CC1D4A002BAC71 /* SignOutView.swift */; };
		3040F32E27CC1F48002BAC71 /* UserSelectionsView.swift in Sources */ = {isa = PBXBuildFile; fileRef = 3040F32D27CC1F48002BAC71 /* UserSelectionsView.swift */; };
		3040F33127CF1691002BAC71 /* WalletView.swift in Sources */ = {isa = PBXBuildFile; fileRef = 3040F33027CF1691002BAC71 /* WalletView.swift */; };
		3040F33327CF16AE002BAC71 /* WalletEmptyView.swift in Sources */ = {isa = PBXBuildFile; fileRef = 3040F33227CF16AE002BAC71 /* WalletEmptyView.swift */; };
		30B4400E27AE0E4B007641AF /* Extensions.swift in Sources */ = {isa = PBXBuildFile; fileRef = 30B4400D27AE0E4B007641AF /* Extensions.swift */; };
		30B4401C27AF2C79007641AF /* GoogleSignIn in Frameworks */ = {isa = PBXBuildFile; productRef = 30B4401B27AF2C79007641AF /* GoogleSignIn */; };
		30CF3402279F501000E67B37 /* AggieDishApp.swift in Sources */ = {isa = PBXBuildFile; fileRef = 30CF3401279F501000E67B37 /* AggieDishApp.swift */; };
		30CF3406279F501000E67B37 /* Assets.xcassets in Resources */ = {isa = PBXBuildFile; fileRef = 30CF3405279F501000E67B37 /* Assets.xcassets */; };
		30CF3409279F501000E67B37 /* Preview Assets.xcassets in Resources */ = {isa = PBXBuildFile; fileRef = 30CF3408279F501000E67B37 /* Preview Assets.xcassets */; };
		979606FEBA0DB5E1DF990963 /* Pods_AggieDish.framework in Frameworks */ = {isa = PBXBuildFile; fileRef = E7176C848603A1CD21B51531 /* Pods_AggieDish.framework */; };
		AF0E7F3827CC1B0400766D1C /* MenuView.swift in Sources */ = {isa = PBXBuildFile; fileRef = AF0E7F3727CC1B0400766D1C /* MenuView.swift */; };
		AFDC463227D00C5A0056A60B /* CountDownView.swift in Sources */ = {isa = PBXBuildFile; fileRef = AFDC463127D00C5A0056A60B /* CountDownView.swift */; };
		AFDC463427D04E1C0056A60B /* CartView.swift in Sources */ = {isa = PBXBuildFile; fileRef = AFDC463327D04E1C0056A60B /* CartView.swift */; };
		AFDC463627D1A2860056A60B /* AddPaymentView.swift in Sources */ = {isa = PBXBuildFile; fileRef = AFDC463527D1A2860056A60B /* AddPaymentView.swift */; };
		F19293C627D31F8D00A0FC7E /* cart.pb.swift in Sources */ = {isa = PBXBuildFile; fileRef = F19293AC27D31F8C00A0FC7E /* cart.pb.swift */; };
		F19293C727D31F8D00A0FC7E /* timeofday.pb.swift in Sources */ = {isa = PBXBuildFile; fileRef = F19293AD27D31F8C00A0FC7E /* timeofday.pb.swift */; };
		F19293C827D31F8D00A0FC7E /* get_eatery_food_products_response.pb.swift in Sources */ = {isa = PBXBuildFile; fileRef = F19293AE27D31F8C00A0FC7E /* get_eatery_food_products_response.pb.swift */; };
		F19293C927D31F8D00A0FC7E /* get_order_request.pb.swift in Sources */ = {isa = PBXBuildFile; fileRef = F19293AF27D31F8C00A0FC7E /* get_order_request.pb.swift */; };
		F19293CA27D31F8D00A0FC7E /* menu.pb.swift in Sources */ = {isa = PBXBuildFile; fileRef = F19293B027D31F8C00A0FC7E /* menu.pb.swift */; };
		F19293CB27D31F8D00A0FC7E /* order.pb.swift in Sources */ = {isa = PBXBuildFile; fileRef = F19293B127D31F8C00A0FC7E /* order.pb.swift */; };
		F19293CC27D31F8D00A0FC7E /* phone_number.pb.swift in Sources */ = {isa = PBXBuildFile; fileRef = F19293B227D31F8C00A0FC7E /* phone_number.pb.swift */; };
		F19293CD27D31F8D00A0FC7E /* rating_info.pb.swift in Sources */ = {isa = PBXBuildFile; fileRef = F19293B327D31F8C00A0FC7E /* rating_info.pb.swift */; };
		F19293CE27D31F8D00A0FC7E /* eatery.pb.swift in Sources */ = {isa = PBXBuildFile; fileRef = F19293B427D31F8C00A0FC7E /* eatery.pb.swift */; };
		F19293CF27D31F8D00A0FC7E /* get_eateries_request.pb.swift in Sources */ = {isa = PBXBuildFile; fileRef = F19293B527D31F8C00A0FC7E /* get_eateries_request.pb.swift */; };
		F19293D027D31F8D00A0FC7E /* get_eateries_response.pb.swift in Sources */ = {isa = PBXBuildFile; fileRef = F19293B627D31F8C00A0FC7E /* get_eateries_response.pb.swift */; };
		F19293D127D31F8D00A0FC7E /* add_food_product_request.pb.swift in Sources */ = {isa = PBXBuildFile; fileRef = F19293B727D31F8C00A0FC7E /* add_food_product_request.pb.swift */; };
		F19293D227D31F8D00A0FC7E /* service.pb.swift in Sources */ = {isa = PBXBuildFile; fileRef = F19293B827D31F8C00A0FC7E /* service.pb.swift */; };
		F19293D327D31F8D00A0FC7E /* service.grpc.swift in Sources */ = {isa = PBXBuildFile; fileRef = F19293B927D31F8D00A0FC7E /* service.grpc.swift */; };
		F19293D427D31F8D00A0FC7E /* day_open.pb.swift in Sources */ = {isa = PBXBuildFile; fileRef = F19293BA27D31F8D00A0FC7E /* day_open.pb.swift */; };
		F19293D527D31F8D00A0FC7E /* latlng.pb.swift in Sources */ = {isa = PBXBuildFile; fileRef = F19293BB27D31F8D00A0FC7E /* latlng.pb.swift */; };
		F19293D627D31F8D00A0FC7E /* contact_info.pb.swift in Sources */ = {isa = PBXBuildFile; fileRef = F19293BC27D31F8D00A0FC7E /* contact_info.pb.swift */; };
		F19293D727D31F8D00A0FC7E /* cash_equivalent.pb.swift in Sources */ = {isa = PBXBuildFile; fileRef = F19293BD27D31F8D00A0FC7E /* cash_equivalent.pb.swift */; };
		F19293D827D31F8D00A0FC7E /* cuisine.pb.swift in Sources */ = {isa = PBXBuildFile; fileRef = F19293BE27D31F8D00A0FC7E /* cuisine.pb.swift */; };
		F19293D927D31F8D00A0FC7E /* get_food_product_response.pb.swift in Sources */ = {isa = PBXBuildFile; fileRef = F19293BF27D31F8D00A0FC7E /* get_food_product_response.pb.swift */; };
		F19293DA27D31F8D00A0FC7E /* payment_info.pb.swift in Sources */ = {isa = PBXBuildFile; fileRef = F19293C027D31F8D00A0FC7E /* payment_info.pb.swift */; };
		F19293DB27D31F8D00A0FC7E /* get_eatery_food_products_request.pb.swift in Sources */ = {isa = PBXBuildFile; fileRef = F19293C127D31F8D00A0FC7E /* get_eatery_food_products_request.pb.swift */; };
		F19293DC27D31F8D00A0FC7E /* submit_cart_request.pb.swift in Sources */ = {isa = PBXBuildFile; fileRef = F19293C227D31F8D00A0FC7E /* submit_cart_request.pb.swift */; };
		F19293DD27D31F8D00A0FC7E /* get_food_product_request.pb.swift in Sources */ = {isa = PBXBuildFile; fileRef = F19293C327D31F8D00A0FC7E /* get_food_product_request.pb.swift */; };
		F19293DE27D31F8D00A0FC7E /* food_product.pb.swift in Sources */ = {isa = PBXBuildFile; fileRef = F19293C427D31F8D00A0FC7E /* food_product.pb.swift */; };
		F19293DF27D31F8D00A0FC7E /* order_status.pb.swift in Sources */ = {isa = PBXBuildFile; fileRef = F19293C527D31F8D00A0FC7E /* order_status.pb.swift */; };
		F19A36EB27D4B0DF006F2DB8 /* Client.swift in Sources */ = {isa = PBXBuildFile; fileRef = F19A36EA27D4B0DF006F2DB8 /* Client.swift */; };
/* End PBXBuildFile section */

/* Begin PBXFileReference section */
		1037E37ACDE9CBD37E26CA1A /* Pods-AggieDish.debug.xcconfig */ = {isa = PBXFileReference; includeInIndex = 1; lastKnownFileType = text.xcconfig; name = "Pods-AggieDish.debug.xcconfig"; path = "Target Support Files/Pods-AggieDish/Pods-AggieDish.debug.xcconfig"; sourceTree = "<group>"; };
		301366F527CF2B8000AB99DB /* WalletNonEmptyView.swift */ = {isa = PBXFileReference; lastKnownFileType = sourcecode.swift; path = WalletNonEmptyView.swift; sourceTree = "<group>"; };
		301366F827CF30E100AB99DB /* OrderHistoryView.swift */ = {isa = PBXFileReference; lastKnownFileType = sourcecode.swift; path = OrderHistoryView.swift; sourceTree = "<group>"; };
		301366FA27CF320700AB99DB /* OrderHistoryEmptyView.swift */ = {isa = PBXFileReference; lastKnownFileType = sourcecode.swift; path = OrderHistoryEmptyView.swift; sourceTree = "<group>"; };
		301366FC27CF321C00AB99DB /* OrderHistoryNonEmptyView.swift */ = {isa = PBXFileReference; lastKnownFileType = sourcecode.swift; path = OrderHistoryNonEmptyView.swift; sourceTree = "<group>"; };
		3040F31227C9DAE5002BAC71 /* DefaultView.swift */ = {isa = PBXFileReference; lastKnownFileType = sourcecode.swift; path = DefaultView.swift; sourceTree = "<group>"; };
		3040F31627C9DB36002BAC71 /* HomeView.swift */ = {isa = PBXFileReference; lastKnownFileType = sourcecode.swift; path = HomeView.swift; sourceTree = "<group>"; };
		3040F31927C9DB63002BAC71 /* Card.swift */ = {isa = PBXFileReference; lastKnownFileType = sourcecode.swift; path = Card.swift; sourceTree = "<group>"; };
		3040F31B27C9DB73002BAC71 /* Filter.swift */ = {isa = PBXFileReference; lastKnownFileType = sourcecode.swift; path = Filter.swift; sourceTree = "<group>"; };
		3040F31E27C9DD1B002BAC71 /* Restaurant.swift */ = {isa = PBXFileReference; lastKnownFileType = sourcecode.swift; path = Restaurant.swift; sourceTree = "<group>"; };
		3040F32127C9DD41002BAC71 /* restaurants.json */ = {isa = PBXFileReference; fileEncoding = 4; lastKnownFileType = text.json; path = restaurants.json; sourceTree = "<group>"; };
		3040F32527CC1B20002BAC71 /* UserAccountView.swift */ = {isa = PBXFileReference; lastKnownFileType = sourcecode.swift; path = UserAccountView.swift; sourceTree = "<group>"; };
		3040F32727CC1B4B002BAC71 /* UserAuthModel.swift */ = {isa = PBXFileReference; lastKnownFileType = sourcecode.swift; path = UserAuthModel.swift; sourceTree = "<group>"; };
		3040F32927CC1D33002BAC71 /* SignInView.swift */ = {isa = PBXFileReference; lastKnownFileType = sourcecode.swift; path = SignInView.swift; sourceTree = "<group>"; };
		3040F32B27CC1D4A002BAC71 /* SignOutView.swift */ = {isa = PBXFileReference; lastKnownFileType = sourcecode.swift; path = SignOutView.swift; sourceTree = "<group>"; };
		3040F32D27CC1F48002BAC71 /* UserSelectionsView.swift */ = {isa = PBXFileReference; lastKnownFileType = sourcecode.swift; path = UserSelectionsView.swift; sourceTree = "<group>"; };
		3040F33027CF1691002BAC71 /* WalletView.swift */ = {isa = PBXFileReference; lastKnownFileType = sourcecode.swift; path = WalletView.swift; sourceTree = "<group>"; };
		3040F33227CF16AE002BAC71 /* WalletEmptyView.swift */ = {isa = PBXFileReference; lastKnownFileType = sourcecode.swift; path = WalletEmptyView.swift; sourceTree = "<group>"; };
		30B4400D27AE0E4B007641AF /* Extensions.swift */ = {isa = PBXFileReference; lastKnownFileType = sourcecode.swift; path = Extensions.swift; sourceTree = "<group>"; };
		30CF33FE279F501000E67B37 /* AggieDish.app */ = {isa = PBXFileReference; explicitFileType = wrapper.application; includeInIndex = 0; path = AggieDish.app; sourceTree = BUILT_PRODUCTS_DIR; };
		30CF3401279F501000E67B37 /* AggieDishApp.swift */ = {isa = PBXFileReference; lastKnownFileType = sourcecode.swift; path = AggieDishApp.swift; sourceTree = "<group>"; };
		30CF3405279F501000E67B37 /* Assets.xcassets */ = {isa = PBXFileReference; lastKnownFileType = folder.assetcatalog; path = Assets.xcassets; sourceTree = "<group>"; };
		30CF3408279F501000E67B37 /* Preview Assets.xcassets */ = {isa = PBXFileReference; lastKnownFileType = folder.assetcatalog; path = "Preview Assets.xcassets"; sourceTree = "<group>"; };
		9FB07D5B22912E3FFC695C2E /* Pods-AggieDish.release.xcconfig */ = {isa = PBXFileReference; includeInIndex = 1; lastKnownFileType = text.xcconfig; name = "Pods-AggieDish.release.xcconfig"; path = "Target Support Files/Pods-AggieDish/Pods-AggieDish.release.xcconfig"; sourceTree = "<group>"; };
		AF0E7F3727CC1B0400766D1C /* MenuView.swift */ = {isa = PBXFileReference; lastKnownFileType = sourcecode.swift; path = MenuView.swift; sourceTree = "<group>"; };
		AFDC463127D00C5A0056A60B /* CountDownView.swift */ = {isa = PBXFileReference; lastKnownFileType = sourcecode.swift; path = CountDownView.swift; sourceTree = "<group>"; };
		AFDC463327D04E1C0056A60B /* CartView.swift */ = {isa = PBXFileReference; lastKnownFileType = sourcecode.swift; path = CartView.swift; sourceTree = "<group>"; };
		AFDC463527D1A2860056A60B /* AddPaymentView.swift */ = {isa = PBXFileReference; lastKnownFileType = sourcecode.swift; path = AddPaymentView.swift; sourceTree = "<group>"; };
		E7176C848603A1CD21B51531 /* Pods_AggieDish.framework */ = {isa = PBXFileReference; explicitFileType = wrapper.framework; includeInIndex = 0; path = Pods_AggieDish.framework; sourceTree = BUILT_PRODUCTS_DIR; };
		F19293AC27D31F8C00A0FC7E /* cart.pb.swift */ = {isa = PBXFileReference; fileEncoding = 4; lastKnownFileType = sourcecode.swift; path = cart.pb.swift; sourceTree = "<group>"; };
		F19293AD27D31F8C00A0FC7E /* timeofday.pb.swift */ = {isa = PBXFileReference; fileEncoding = 4; lastKnownFileType = sourcecode.swift; path = timeofday.pb.swift; sourceTree = "<group>"; };
		F19293AE27D31F8C00A0FC7E /* get_eatery_food_products_response.pb.swift */ = {isa = PBXFileReference; fileEncoding = 4; lastKnownFileType = sourcecode.swift; path = get_eatery_food_products_response.pb.swift; sourceTree = "<group>"; };
		F19293AF27D31F8C00A0FC7E /* get_order_request.pb.swift */ = {isa = PBXFileReference; fileEncoding = 4; lastKnownFileType = sourcecode.swift; path = get_order_request.pb.swift; sourceTree = "<group>"; };
		F19293B027D31F8C00A0FC7E /* menu.pb.swift */ = {isa = PBXFileReference; fileEncoding = 4; lastKnownFileType = sourcecode.swift; path = menu.pb.swift; sourceTree = "<group>"; };
		F19293B127D31F8C00A0FC7E /* order.pb.swift */ = {isa = PBXFileReference; fileEncoding = 4; lastKnownFileType = sourcecode.swift; path = order.pb.swift; sourceTree = "<group>"; };
		F19293B227D31F8C00A0FC7E /* phone_number.pb.swift */ = {isa = PBXFileReference; fileEncoding = 4; lastKnownFileType = sourcecode.swift; path = phone_number.pb.swift; sourceTree = "<group>"; };
		F19293B327D31F8C00A0FC7E /* rating_info.pb.swift */ = {isa = PBXFileReference; fileEncoding = 4; lastKnownFileType = sourcecode.swift; path = rating_info.pb.swift; sourceTree = "<group>"; };
		F19293B427D31F8C00A0FC7E /* eatery.pb.swift */ = {isa = PBXFileReference; fileEncoding = 4; lastKnownFileType = sourcecode.swift; path = eatery.pb.swift; sourceTree = "<group>"; };
		F19293B527D31F8C00A0FC7E /* get_eateries_request.pb.swift */ = {isa = PBXFileReference; fileEncoding = 4; lastKnownFileType = sourcecode.swift; path = get_eateries_request.pb.swift; sourceTree = "<group>"; };
		F19293B627D31F8C00A0FC7E /* get_eateries_response.pb.swift */ = {isa = PBXFileReference; fileEncoding = 4; lastKnownFileType = sourcecode.swift; path = get_eateries_response.pb.swift; sourceTree = "<group>"; };
		F19293B727D31F8C00A0FC7E /* add_food_product_request.pb.swift */ = {isa = PBXFileReference; fileEncoding = 4; lastKnownFileType = sourcecode.swift; path = add_food_product_request.pb.swift; sourceTree = "<group>"; };
		F19293B827D31F8C00A0FC7E /* service.pb.swift */ = {isa = PBXFileReference; fileEncoding = 4; lastKnownFileType = sourcecode.swift; path = service.pb.swift; sourceTree = "<group>"; };
		F19293B927D31F8D00A0FC7E /* service.grpc.swift */ = {isa = PBXFileReference; fileEncoding = 4; lastKnownFileType = sourcecode.swift; path = service.grpc.swift; sourceTree = "<group>"; };
		F19293BA27D31F8D00A0FC7E /* day_open.pb.swift */ = {isa = PBXFileReference; fileEncoding = 4; lastKnownFileType = sourcecode.swift; path = day_open.pb.swift; sourceTree = "<group>"; };
		F19293BB27D31F8D00A0FC7E /* latlng.pb.swift */ = {isa = PBXFileReference; fileEncoding = 4; lastKnownFileType = sourcecode.swift; path = latlng.pb.swift; sourceTree = "<group>"; };
		F19293BC27D31F8D00A0FC7E /* contact_info.pb.swift */ = {isa = PBXFileReference; fileEncoding = 4; lastKnownFileType = sourcecode.swift; path = contact_info.pb.swift; sourceTree = "<group>"; };
		F19293BD27D31F8D00A0FC7E /* cash_equivalent.pb.swift */ = {isa = PBXFileReference; fileEncoding = 4; lastKnownFileType = sourcecode.swift; path = cash_equivalent.pb.swift; sourceTree = "<group>"; };
		F19293BE27D31F8D00A0FC7E /* cuisine.pb.swift */ = {isa = PBXFileReference; fileEncoding = 4; lastKnownFileType = sourcecode.swift; path = cuisine.pb.swift; sourceTree = "<group>"; };
		F19293BF27D31F8D00A0FC7E /* get_food_product_response.pb.swift */ = {isa = PBXFileReference; fileEncoding = 4; lastKnownFileType = sourcecode.swift; path = get_food_product_response.pb.swift; sourceTree = "<group>"; };
		F19293C027D31F8D00A0FC7E /* payment_info.pb.swift */ = {isa = PBXFileReference; fileEncoding = 4; lastKnownFileType = sourcecode.swift; path = payment_info.pb.swift; sourceTree = "<group>"; };
		F19293C127D31F8D00A0FC7E /* get_eatery_food_products_request.pb.swift */ = {isa = PBXFileReference; fileEncoding = 4; lastKnownFileType = sourcecode.swift; path = get_eatery_food_products_request.pb.swift; sourceTree = "<group>"; };
		F19293C227D31F8D00A0FC7E /* submit_cart_request.pb.swift */ = {isa = PBXFileReference; fileEncoding = 4; lastKnownFileType = sourcecode.swift; path = submit_cart_request.pb.swift; sourceTree = "<group>"; };
		F19293C327D31F8D00A0FC7E /* get_food_product_request.pb.swift */ = {isa = PBXFileReference; fileEncoding = 4; lastKnownFileType = sourcecode.swift; path = get_food_product_request.pb.swift; sourceTree = "<group>"; };
		F19293C427D31F8D00A0FC7E /* food_product.pb.swift */ = {isa = PBXFileReference; fileEncoding = 4; lastKnownFileType = sourcecode.swift; path = food_product.pb.swift; sourceTree = "<group>"; };
		F19293C527D31F8D00A0FC7E /* order_status.pb.swift */ = {isa = PBXFileReference; fileEncoding = 4; lastKnownFileType = sourcecode.swift; path = order_status.pb.swift; sourceTree = "<group>"; };
		F19A36EA27D4B0DF006F2DB8 /* Client.swift */ = {isa = PBXFileReference; lastKnownFileType = sourcecode.swift; path = Client.swift; sourceTree = "<group>"; };
		F1FEECD927B3D78C002F8CF5 /* AggieDish-Info.plist */ = {isa = PBXFileReference; lastKnownFileType = text.plist; path = "AggieDish-Info.plist"; sourceTree = "<group>"; };
/* End PBXFileReference section */

/* Begin PBXFrameworksBuildPhase section */
		30CF33FB279F501000E67B37 /* Frameworks */ = {
			isa = PBXFrameworksBuildPhase;
			buildActionMask = 2147483647;
			files = (
				30B4401C27AF2C79007641AF /* GoogleSignIn in Frameworks */,
				979606FEBA0DB5E1DF990963 /* Pods_AggieDish.framework in Frameworks */,
			);
			runOnlyForDeploymentPostprocessing = 0;
		};
/* End PBXFrameworksBuildPhase section */

/* Begin PBXGroup section */
		301366F727CF30CC00AB99DB /* OrderHistory */ = {
			isa = PBXGroup;
			children = (
				301366F827CF30E100AB99DB /* OrderHistoryView.swift */,
				301366FA27CF320700AB99DB /* OrderHistoryEmptyView.swift */,
				301366FC27CF321C00AB99DB /* OrderHistoryNonEmptyView.swift */,
			);
			path = OrderHistory;
			sourceTree = "<group>";
		};
		3040F31427C9DAEC002BAC71 /* Views */ = {
			isa = PBXGroup;
			children = (
				AF0E7F3627CC1AA100766D1C /* Restaurant */,
				3040F31227C9DAE5002BAC71 /* DefaultView.swift */,
				3040F31527C9DAFA002BAC71 /* Homepage */,
				3040F32327CC19D8002BAC71 /* UserAccount */,
			);
			path = Views;
			sourceTree = "<group>";
		};
		3040F31527C9DAFA002BAC71 /* Homepage */ = {
			isa = PBXGroup;
			children = (
				3040F31827C9DB55002BAC71 /* helper */,
				3040F31627C9DB36002BAC71 /* HomeView.swift */,
			);
			path = Homepage;
			sourceTree = "<group>";
		};
		3040F31827C9DB55002BAC71 /* helper */ = {
			isa = PBXGroup;
			children = (
				3040F31927C9DB63002BAC71 /* Card.swift */,
				3040F31B27C9DB73002BAC71 /* Filter.swift */,
			);
			path = helper;
			sourceTree = "<group>";
		};
		3040F31D27C9DD00002BAC71 /* Model */ = {
			isa = PBXGroup;
			children = (
				3040F31E27C9DD1B002BAC71 /* Restaurant.swift */,
				3040F32727CC1B4B002BAC71 /* UserAuthModel.swift */,
			);
			path = Model;
			sourceTree = "<group>";
		};
		3040F32027C9DD27002BAC71 /* resources */ = {
			isa = PBXGroup;
			children = (
				3040F32127C9DD41002BAC71 /* restaurants.json */,
			);
			path = resources;
			sourceTree = "<group>";
		};
		3040F32327CC19D8002BAC71 /* UserAccount */ = {
			isa = PBXGroup;
			children = (
				301366F727CF30CC00AB99DB /* OrderHistory */,
				3040F32F27CF1572002BAC71 /* Wallet */,
				3040F32527CC1B20002BAC71 /* UserAccountView.swift */,
				3040F32927CC1D33002BAC71 /* SignInView.swift */,
				3040F32B27CC1D4A002BAC71 /* SignOutView.swift */,
				3040F32D27CC1F48002BAC71 /* UserSelectionsView.swift */,
			);
			path = UserAccount;
			sourceTree = "<group>";
		};
		3040F32F27CF1572002BAC71 /* Wallet */ = {
			isa = PBXGroup;
			children = (
				3040F33027CF1691002BAC71 /* WalletView.swift */,
				3040F33227CF16AE002BAC71 /* WalletEmptyView.swift */,
				301366F527CF2B8000AB99DB /* WalletNonEmptyView.swift */,
				AFDC463527D1A2860056A60B /* AddPaymentView.swift */,
			);
			path = Wallet;
			sourceTree = "<group>";
		};
		3094D0CB9A93081906F96B11 /* Frameworks */ = {
			isa = PBXGroup;
			children = (
				E7176C848603A1CD21B51531 /* Pods_AggieDish.framework */,
			);
			name = Frameworks;
			sourceTree = "<group>";
		};
		30CF33F5279F501000E67B37 = {
			isa = PBXGroup;
			children = (
				F1FEECD927B3D78C002F8CF5 /* AggieDish-Info.plist */,
				30CF3400279F501000E67B37 /* AggieDishApp */,
				30CF33FF279F501000E67B37 /* Products */,
				3669063E4DF55EE8C9F767BA /* Pods */,
				3094D0CB9A93081906F96B11 /* Frameworks */,
			);
			sourceTree = "<group>";
		};
		30CF33FF279F501000E67B37 /* Products */ = {
			isa = PBXGroup;
			children = (
				30CF33FE279F501000E67B37 /* AggieDish.app */,
			);
			name = Products;
			sourceTree = "<group>";
		};
		30CF3400279F501000E67B37 /* AggieDishApp */ = {
			isa = PBXGroup;
			children = (
				F19A36E927D4B0D2006F2DB8 /* grpcClient */,
				F192937727D31DA100A0FC7E /* Generated */,
				30CF3401279F501000E67B37 /* AggieDishApp.swift */,
				3040F32027C9DD27002BAC71 /* resources */,
				3040F31D27C9DD00002BAC71 /* Model */,
				3040F31427C9DAEC002BAC71 /* Views */,
				30CF3407279F501000E67B37 /* Preview Content */,
				30B4400D27AE0E4B007641AF /* Extensions.swift */,
				30CF3405279F501000E67B37 /* Assets.xcassets */,
			);
			path = AggieDishApp;
			sourceTree = "<group>";
		};
		30CF3407279F501000E67B37 /* Preview Content */ = {
			isa = PBXGroup;
			children = (
				30CF3408279F501000E67B37 /* Preview Assets.xcassets */,
			);
			path = "Preview Content";
			sourceTree = "<group>";
		};
		3669063E4DF55EE8C9F767BA /* Pods */ = {
			isa = PBXGroup;
			children = (
				1037E37ACDE9CBD37E26CA1A /* Pods-AggieDish.debug.xcconfig */,
				9FB07D5B22912E3FFC695C2E /* Pods-AggieDish.release.xcconfig */,
			);
			path = Pods;
			sourceTree = "<group>";
		};
		AF0E7F3627CC1AA100766D1C /* Restaurant */ = {
			isa = PBXGroup;
			children = (
				AFDC463027D00C3D0056A60B /* helper */,
				AF0E7F3727CC1B0400766D1C /* MenuView.swift */,
				AFDC463327D04E1C0056A60B /* CartView.swift */,
			);
			path = Restaurant;
			sourceTree = "<group>";
		};
		AFDC463027D00C3D0056A60B /* helper */ = {
			isa = PBXGroup;
			children = (
				AFDC463127D00C5A0056A60B /* CountDownView.swift */,
			);
			path = helper;
			sourceTree = "<group>";
		};
		F192937727D31DA100A0FC7E /* Generated */ = {
			isa = PBXGroup;
			children = (
				F19293B727D31F8C00A0FC7E /* add_food_product_request.pb.swift */,
				F19293AC27D31F8C00A0FC7E /* cart.pb.swift */,
				F19293BD27D31F8D00A0FC7E /* cash_equivalent.pb.swift */,
				F19293BC27D31F8D00A0FC7E /* contact_info.pb.swift */,
				F19293BE27D31F8D00A0FC7E /* cuisine.pb.swift */,
				F19293BA27D31F8D00A0FC7E /* day_open.pb.swift */,
				F19293B427D31F8C00A0FC7E /* eatery.pb.swift */,
				F19293C427D31F8D00A0FC7E /* food_product.pb.swift */,
				F19293B527D31F8C00A0FC7E /* get_eateries_request.pb.swift */,
				F19293B627D31F8C00A0FC7E /* get_eateries_response.pb.swift */,
				F19293C127D31F8D00A0FC7E /* get_eatery_food_products_request.pb.swift */,
				F19293AE27D31F8C00A0FC7E /* get_eatery_food_products_response.pb.swift */,
				F19293C327D31F8D00A0FC7E /* get_food_product_request.pb.swift */,
				F19293BF27D31F8D00A0FC7E /* get_food_product_response.pb.swift */,
				F19293AF27D31F8C00A0FC7E /* get_order_request.pb.swift */,
				F19293BB27D31F8D00A0FC7E /* latlng.pb.swift */,
				F19293B027D31F8C00A0FC7E /* menu.pb.swift */,
				F19293C527D31F8D00A0FC7E /* order_status.pb.swift */,
				F19293B127D31F8C00A0FC7E /* order.pb.swift */,
				F19293C027D31F8D00A0FC7E /* payment_info.pb.swift */,
				F19293B227D31F8C00A0FC7E /* phone_number.pb.swift */,
				F19293B327D31F8C00A0FC7E /* rating_info.pb.swift */,
				F19293B927D31F8D00A0FC7E /* service.grpc.swift */,
				F19293B827D31F8C00A0FC7E /* service.pb.swift */,
				F19293C227D31F8D00A0FC7E /* submit_cart_request.pb.swift */,
				F19293AD27D31F8C00A0FC7E /* timeofday.pb.swift */,
			);
			path = Generated;
			sourceTree = "<group>";
		};
		F19A36E927D4B0D2006F2DB8 /* grpcClient */ = {
			isa = PBXGroup;
			children = (
				F19A36EA27D4B0DF006F2DB8 /* Client.swift */,
			);
			path = grpcClient;
			sourceTree = "<group>";
		};
/* End PBXGroup section */

/* Begin PBXNativeTarget section */
		30CF33FD279F501000E67B37 /* AggieDish */ = {
			isa = PBXNativeTarget;
			buildConfigurationList = 30CF3422279F501100E67B37 /* Build configuration list for PBXNativeTarget "AggieDish" */;
			buildPhases = (
				481275F06D09E33C8770F466 /* [CP] Check Pods Manifest.lock */,
				F19A36DF27D45D69006F2DB8 /* Generate Swift Client Protocol Buffers */,
				30CF33FA279F501000E67B37 /* Sources */,
				30CF33FB279F501000E67B37 /* Frameworks */,
				30CF33FC279F501000E67B37 /* Resources */,
				53EA78508941D4565363C1B1 /* [CP] Embed Pods Frameworks */,
			);
			buildRules = (
			);
			dependencies = (
			);
			name = AggieDish;
			packageProductDependencies = (
				30B4401B27AF2C79007641AF /* GoogleSignIn */,
			);
			productName = test;
			productReference = 30CF33FE279F501000E67B37 /* AggieDish.app */;
			productType = "com.apple.product-type.application";
		};
/* End PBXNativeTarget section */

/* Begin PBXProject section */
		30CF33F6279F501000E67B37 /* Project object */ = {
			isa = PBXProject;
			attributes = {
				BuildIndependentTargetsInParallel = 1;
				LastSwiftUpdateCheck = 1320;
				LastUpgradeCheck = 1320;
				TargetAttributes = {
					30CF33FD279F501000E67B37 = {
						CreatedOnToolsVersion = 13.2.1;
					};
				};
			};
			buildConfigurationList = 30CF33F9279F501000E67B37 /* Build configuration list for PBXProject "AggieDish" */;
			compatibilityVersion = "Xcode 13.0";
			developmentRegion = en;
			hasScannedForEncodings = 0;
			knownRegions = (
				en,
				Base,
			);
			mainGroup = 30CF33F5279F501000E67B37;
			packageReferences = (
				30B4401A27AF2C79007641AF /* XCRemoteSwiftPackageReference "GoogleSignIn-iOS" */,
			);
			productRefGroup = 30CF33FF279F501000E67B37 /* Products */;
			projectDirPath = "";
			projectRoot = "";
			targets = (
				30CF33FD279F501000E67B37 /* AggieDish */,
			);
		};
/* End PBXProject section */

/* Begin PBXResourcesBuildPhase section */
		30CF33FC279F501000E67B37 /* Resources */ = {
			isa = PBXResourcesBuildPhase;
			buildActionMask = 2147483647;
			files = (
				30CF3409279F501000E67B37 /* Preview Assets.xcassets in Resources */,
				3040F32227C9DD41002BAC71 /* restaurants.json in Resources */,
				30CF3406279F501000E67B37 /* Assets.xcassets in Resources */,
			);
			runOnlyForDeploymentPostprocessing = 0;
		};
/* End PBXResourcesBuildPhase section */

/* Begin PBXShellScriptBuildPhase section */
		481275F06D09E33C8770F466 /* [CP] Check Pods Manifest.lock */ = {
			isa = PBXShellScriptBuildPhase;
			buildActionMask = 2147483647;
			files = (
			);
			inputFileListPaths = (
			);
			inputPaths = (
				"${PODS_PODFILE_DIR_PATH}/Podfile.lock",
				"${PODS_ROOT}/Manifest.lock",
			);
			name = "[CP] Check Pods Manifest.lock";
			outputFileListPaths = (
			);
			outputPaths = (
				"$(DERIVED_FILE_DIR)/Pods-AggieDish-checkManifestLockResult.txt",
			);
			runOnlyForDeploymentPostprocessing = 0;
			shellPath = /bin/sh;
			shellScript = "diff \"${PODS_PODFILE_DIR_PATH}/Podfile.lock\" \"${PODS_ROOT}/Manifest.lock\" > /dev/null\nif [ $? != 0 ] ; then\n    # print error to STDERR\n    echo \"error: The sandbox is not in sync with the Podfile.lock. Run 'pod install' or update your CocoaPods installation.\" >&2\n    exit 1\nfi\n# This output is used by Xcode 'outputs' to avoid re-running this script phase.\necho \"SUCCESS\" > \"${SCRIPT_OUTPUT_FILE_0}\"\n";
			showEnvVarsInLog = 0;
		};
		53EA78508941D4565363C1B1 /* [CP] Embed Pods Frameworks */ = {
			isa = PBXShellScriptBuildPhase;
			buildActionMask = 2147483647;
			files = (
			);
			inputFileListPaths = (
				"${PODS_ROOT}/Target Support Files/Pods-AggieDish/Pods-AggieDish-frameworks-${CONFIGURATION}-input-files.xcfilelist",
			);
			name = "[CP] Embed Pods Frameworks";
			outputFileListPaths = (
				"${PODS_ROOT}/Target Support Files/Pods-AggieDish/Pods-AggieDish-frameworks-${CONFIGURATION}-output-files.xcfilelist",
			);
			runOnlyForDeploymentPostprocessing = 0;
			shellPath = /bin/sh;
			shellScript = "\"${PODS_ROOT}/Target Support Files/Pods-AggieDish/Pods-AggieDish-frameworks.sh\"\n";
			showEnvVarsInLog = 0;
		};
		F19A36DF27D45D69006F2DB8 /* Generate Swift Client Protocol Buffers */ = {
			isa = PBXShellScriptBuildPhase;
			alwaysOutOfDate = 1;
			buildActionMask = 2147483647;
			files = (
			);
			inputFileListPaths = (
			);
			inputPaths = (
			);
			name = "Generate Swift Client Protocol Buffers";
			outputFileListPaths = (
			);
			outputPaths = (
			);
			runOnlyForDeploymentPostprocessing = 0;
			shellPath = /bin/sh;
			shellScript = "cd \"${REPOSITORY_ROOT_DIR}\" && \"${REPOSITORY_ROOT_DIR}\"/scripts/protoc-swift-client.sh\n";
		};
/* End PBXShellScriptBuildPhase section */

/* Begin PBXSourcesBuildPhase section */
		30CF33FA279F501000E67B37 /* Sources */ = {
			isa = PBXSourcesBuildPhase;
			buildActionMask = 2147483647;
			files = (
				AFDC463427D04E1C0056A60B /* CartView.swift in Sources */,
				30CF3402279F501000E67B37 /* AggieDishApp.swift in Sources */,
				F19293D427D31F8D00A0FC7E /* day_open.pb.swift in Sources */,
				301366F627CF2B8000AB99DB /* WalletNonEmptyView.swift in Sources */,
				3040F33327CF16AE002BAC71 /* WalletEmptyView.swift in Sources */,
				3040F33127CF1691002BAC71 /* WalletView.swift in Sources */,
				3040F32C27CC1D4A002BAC71 /* SignOutView.swift in Sources */,
				F19293CE27D31F8D00A0FC7E /* eatery.pb.swift in Sources */,
				AF0E7F3827CC1B0400766D1C /* MenuView.swift in Sources */,
				F19293CF27D31F8D00A0FC7E /* get_eateries_request.pb.swift in Sources */,
				F19293DF27D31F8D00A0FC7E /* order_status.pb.swift in Sources */,
				F19293D627D31F8D00A0FC7E /* contact_info.pb.swift in Sources */,
				F19293D227D31F8D00A0FC7E /* service.pb.swift in Sources */,
				F19293D727D31F8D00A0FC7E /* cash_equivalent.pb.swift in Sources */,
				3040F31C27C9DB73002BAC71 /* Filter.swift in Sources */,
				F19293DB27D31F8D00A0FC7E /* get_eatery_food_products_request.pb.swift in Sources */,
				F19293DC27D31F8D00A0FC7E /* submit_cart_request.pb.swift in Sources */,
				F19293C727D31F8D00A0FC7E /* timeofday.pb.swift in Sources */,
				301366FB27CF320700AB99DB /* OrderHistoryEmptyView.swift in Sources */,
				F19293CA27D31F8D00A0FC7E /* menu.pb.swift in Sources */,
				3040F32827CC1B4B002BAC71 /* UserAuthModel.swift in Sources */,
				3040F31727C9DB36002BAC71 /* HomeView.swift in Sources */,
				F19A36EB27D4B0DF006F2DB8 /* Client.swift in Sources */,
				AFDC463627D1A2860056A60B /* AddPaymentView.swift in Sources */,
				3040F32A27CC1D33002BAC71 /* SignInView.swift in Sources */,
				3040F31F27C9DD1B002BAC71 /* Restaurant.swift in Sources */,
				F19293D027D31F8D00A0FC7E /* get_eateries_response.pb.swift in Sources */,
				F19293DA27D31F8D00A0FC7E /* payment_info.pb.swift in Sources */,
				301366F927CF30E100AB99DB /* OrderHistoryView.swift in Sources */,
				F19293CD27D31F8D00A0FC7E /* rating_info.pb.swift in Sources */,
				F19293D827D31F8D00A0FC7E /* cuisine.pb.swift in Sources */,
				F19293DE27D31F8D00A0FC7E /* food_product.pb.swift in Sources */,
				AFDC463227D00C5A0056A60B /* CountDownView.swift in Sources */,
				3040F31A27C9DB63002BAC71 /* Card.swift in Sources */,
				F19293D327D31F8D00A0FC7E /* service.grpc.swift in Sources */,
				F19293D527D31F8D00A0FC7E /* latlng.pb.swift in Sources */,
				F19293C927D31F8D00A0FC7E /* get_order_request.pb.swift in Sources */,
				F19293C827D31F8D00A0FC7E /* get_eatery_food_products_response.pb.swift in Sources */,
				30B4400E27AE0E4B007641AF /* Extensions.swift in Sources */,
				301366FD27CF321C00AB99DB /* OrderHistoryNonEmptyView.swift in Sources */,
				F19293CB27D31F8D00A0FC7E /* order.pb.swift in Sources */,
				3040F31327C9DAE5002BAC71 /* DefaultView.swift in Sources */,
				F19293DD27D31F8D00A0FC7E /* get_food_product_request.pb.swift in Sources */,
				F19293D927D31F8D00A0FC7E /* get_food_product_response.pb.swift in Sources */,
				3040F32E27CC1F48002BAC71 /* UserSelectionsView.swift in Sources */,
				F19293D127D31F8D00A0FC7E /* add_food_product_request.pb.swift in Sources */,
				F19293CC27D31F8D00A0FC7E /* phone_number.pb.swift in Sources */,
				F19293C627D31F8D00A0FC7E /* cart.pb.swift in Sources */,
				3040F32627CC1B20002BAC71 /* UserAccountView.swift in Sources */,
			);
			runOnlyForDeploymentPostprocessing = 0;
		};
/* End PBXSourcesBuildPhase section */

/* Begin XCBuildConfiguration section */
		30CF3420279F501100E67B37 /* Debug */ = {
			isa = XCBuildConfiguration;
			buildSettings = {
				ALWAYS_SEARCH_USER_PATHS = NO;
				CLANG_ANALYZER_NONNULL = YES;
				CLANG_ANALYZER_NUMBER_OBJECT_CONVERSION = YES_AGGRESSIVE;
				CLANG_CXX_LANGUAGE_STANDARD = "gnu++17";
				CLANG_CXX_LIBRARY = "libc++";
				CLANG_ENABLE_MODULES = YES;
				CLANG_ENABLE_OBJC_ARC = YES;
				CLANG_ENABLE_OBJC_WEAK = YES;
				CLANG_WARN_BLOCK_CAPTURE_AUTORELEASING = YES;
				CLANG_WARN_BOOL_CONVERSION = YES;
				CLANG_WARN_COMMA = YES;
				CLANG_WARN_CONSTANT_CONVERSION = YES;
				CLANG_WARN_DEPRECATED_OBJC_IMPLEMENTATIONS = YES;
				CLANG_WARN_DIRECT_OBJC_ISA_USAGE = YES_ERROR;
				CLANG_WARN_DOCUMENTATION_COMMENTS = YES;
				CLANG_WARN_EMPTY_BODY = YES;
				CLANG_WARN_ENUM_CONVERSION = YES;
				CLANG_WARN_INFINITE_RECURSION = YES;
				CLANG_WARN_INT_CONVERSION = YES;
				CLANG_WARN_NON_LITERAL_NULL_CONVERSION = YES;
				CLANG_WARN_OBJC_IMPLICIT_RETAIN_SELF = YES;
				CLANG_WARN_OBJC_LITERAL_CONVERSION = YES;
				CLANG_WARN_OBJC_ROOT_CLASS = YES_ERROR;
				CLANG_WARN_QUOTED_INCLUDE_IN_FRAMEWORK_HEADER = YES;
				CLANG_WARN_RANGE_LOOP_ANALYSIS = YES;
				CLANG_WARN_STRICT_PROTOTYPES = YES;
				CLANG_WARN_SUSPICIOUS_MOVE = YES;
				CLANG_WARN_UNGUARDED_AVAILABILITY = YES_AGGRESSIVE;
				CLANG_WARN_UNREACHABLE_CODE = YES;
				CLANG_WARN__DUPLICATE_METHOD_MATCH = YES;
				COPY_PHASE_STRIP = NO;
				DEBUG_INFORMATION_FORMAT = dwarf;
				ENABLE_STRICT_OBJC_MSGSEND = YES;
				ENABLE_TESTABILITY = YES;
				GCC_C_LANGUAGE_STANDARD = gnu11;
				GCC_DYNAMIC_NO_PIC = NO;
				GCC_NO_COMMON_BLOCKS = YES;
				GCC_OPTIMIZATION_LEVEL = 0;
				GCC_PREPROCESSOR_DEFINITIONS = (
					"DEBUG=1",
					"$(inherited)",
				);
				GCC_WARN_64_TO_32_BIT_CONVERSION = YES;
				GCC_WARN_ABOUT_RETURN_TYPE = YES_ERROR;
				GCC_WARN_UNDECLARED_SELECTOR = YES;
				GCC_WARN_UNINITIALIZED_AUTOS = YES_AGGRESSIVE;
				GCC_WARN_UNUSED_FUNCTION = YES;
				GCC_WARN_UNUSED_VARIABLE = YES;
				IPHONEOS_DEPLOYMENT_TARGET = 15.2;
				MTL_ENABLE_DEBUG_INFO = INCLUDE_SOURCE;
				MTL_FAST_MATH = YES;
				ONLY_ACTIVE_ARCH = YES;
				REPOSITORY_ROOT_DIR = "${PROJECT_DIR}/..";
				SDKROOT = iphoneos;
				SWIFT_ACTIVE_COMPILATION_CONDITIONS = DEBUG;
				SWIFT_OPTIMIZATION_LEVEL = "-Onone";
			};
			name = Debug;
		};
		30CF3421279F501100E67B37 /* Release */ = {
			isa = XCBuildConfiguration;
			buildSettings = {
				ALWAYS_SEARCH_USER_PATHS = NO;
				CLANG_ANALYZER_NONNULL = YES;
				CLANG_ANALYZER_NUMBER_OBJECT_CONVERSION = YES_AGGRESSIVE;
				CLANG_CXX_LANGUAGE_STANDARD = "gnu++17";
				CLANG_CXX_LIBRARY = "libc++";
				CLANG_ENABLE_MODULES = YES;
				CLANG_ENABLE_OBJC_ARC = YES;
				CLANG_ENABLE_OBJC_WEAK = YES;
				CLANG_WARN_BLOCK_CAPTURE_AUTORELEASING = YES;
				CLANG_WARN_BOOL_CONVERSION = YES;
				CLANG_WARN_COMMA = YES;
				CLANG_WARN_CONSTANT_CONVERSION = YES;
				CLANG_WARN_DEPRECATED_OBJC_IMPLEMENTATIONS = YES;
				CLANG_WARN_DIRECT_OBJC_ISA_USAGE = YES_ERROR;
				CLANG_WARN_DOCUMENTATION_COMMENTS = YES;
				CLANG_WARN_EMPTY_BODY = YES;
				CLANG_WARN_ENUM_CONVERSION = YES;
				CLANG_WARN_INFINITE_RECURSION = YES;
				CLANG_WARN_INT_CONVERSION = YES;
				CLANG_WARN_NON_LITERAL_NULL_CONVERSION = YES;
				CLANG_WARN_OBJC_IMPLICIT_RETAIN_SELF = YES;
				CLANG_WARN_OBJC_LITERAL_CONVERSION = YES;
				CLANG_WARN_OBJC_ROOT_CLASS = YES_ERROR;
				CLANG_WARN_QUOTED_INCLUDE_IN_FRAMEWORK_HEADER = YES;
				CLANG_WARN_RANGE_LOOP_ANALYSIS = YES;
				CLANG_WARN_STRICT_PROTOTYPES = YES;
				CLANG_WARN_SUSPICIOUS_MOVE = YES;
				CLANG_WARN_UNGUARDED_AVAILABILITY = YES_AGGRESSIVE;
				CLANG_WARN_UNREACHABLE_CODE = YES;
				CLANG_WARN__DUPLICATE_METHOD_MATCH = YES;
				COPY_PHASE_STRIP = NO;
				DEBUG_INFORMATION_FORMAT = "dwarf-with-dsym";
				ENABLE_NS_ASSERTIONS = NO;
				ENABLE_STRICT_OBJC_MSGSEND = YES;
				GCC_C_LANGUAGE_STANDARD = gnu11;
				GCC_NO_COMMON_BLOCKS = YES;
				GCC_WARN_64_TO_32_BIT_CONVERSION = YES;
				GCC_WARN_ABOUT_RETURN_TYPE = YES_ERROR;
				GCC_WARN_UNDECLARED_SELECTOR = YES;
				GCC_WARN_UNINITIALIZED_AUTOS = YES_AGGRESSIVE;
				GCC_WARN_UNUSED_FUNCTION = YES;
				GCC_WARN_UNUSED_VARIABLE = YES;
				IPHONEOS_DEPLOYMENT_TARGET = 15.2;
				MTL_ENABLE_DEBUG_INFO = NO;
				MTL_FAST_MATH = YES;
				REPOSITORY_ROOT_DIR = "${PROJECT_DIR}/..";
				SDKROOT = iphoneos;
				SWIFT_COMPILATION_MODE = wholemodule;
				SWIFT_OPTIMIZATION_LEVEL = "-O";
				VALIDATE_PRODUCT = YES;
			};
			name = Release;
		};
		30CF3423279F501100E67B37 /* Debug */ = {
			isa = XCBuildConfiguration;
			baseConfigurationReference = 1037E37ACDE9CBD37E26CA1A /* Pods-AggieDish.debug.xcconfig */;
			buildSettings = {
				ASSETCATALOG_COMPILER_APPICON_NAME = AppIcon;
				ASSETCATALOG_COMPILER_GLOBAL_ACCENT_COLOR_NAME = AccentColor;
				CODE_SIGN_STYLE = Automatic;
				CURRENT_PROJECT_VERSION = 1;
				DEVELOPMENT_ASSET_PATHS = "\"AggieDishApp/Preview Content\"";
				DEVELOPMENT_TEAM = MMHR6TVLYM;
				ENABLE_PREVIEWS = YES;
				GENERATE_INFOPLIST_FILE = YES;
				INFOPLIST_FILE = "AggieDish-Info.plist";
				INFOPLIST_KEY_UIApplicationSceneManifest_Generation = YES;
				INFOPLIST_KEY_UIApplicationSupportsIndirectInputEvents = YES;
				INFOPLIST_KEY_UILaunchScreen_Generation = YES;
				INFOPLIST_KEY_UISupportedInterfaceOrientations_iPad = "UIInterfaceOrientationPortrait UIInterfaceOrientationPortraitUpsideDown UIInterfaceOrientationLandscapeLeft UIInterfaceOrientationLandscapeRight";
				INFOPLIST_KEY_UISupportedInterfaceOrientations_iPhone = "UIInterfaceOrientationPortrait UIInterfaceOrientationLandscapeLeft UIInterfaceOrientationLandscapeRight";
				LD_RUNPATH_SEARCH_PATHS = (
					"$(inherited)",
					"@executable_path/Frameworks",
				);
				MARKETING_VERSION = 1.0;
				PRODUCT_BUNDLE_IDENTIFIER = ruiyihe.test;
				PRODUCT_NAME = "$(TARGET_NAME)";
				SWIFT_EMIT_LOC_STRINGS = YES;
				SWIFT_VERSION = 5.0;
				TARGETED_DEVICE_FAMILY = "1,2";
			};
			name = Debug;
		};
		30CF3424279F501100E67B37 /* Release */ = {
			isa = XCBuildConfiguration;
			baseConfigurationReference = 9FB07D5B22912E3FFC695C2E /* Pods-AggieDish.release.xcconfig */;
			buildSettings = {
				ASSETCATALOG_COMPILER_APPICON_NAME = AppIcon;
				ASSETCATALOG_COMPILER_GLOBAL_ACCENT_COLOR_NAME = AccentColor;
				CODE_SIGN_STYLE = Automatic;
				CURRENT_PROJECT_VERSION = 1;
				DEVELOPMENT_ASSET_PATHS = "\"AggieDishApp/Preview Content\"";
				DEVELOPMENT_TEAM = MMHR6TVLYM;
				ENABLE_PREVIEWS = YES;
				GENERATE_INFOPLIST_FILE = YES;
				INFOPLIST_FILE = "AggieDish-Info.plist";
				INFOPLIST_KEY_UIApplicationSceneManifest_Generation = YES;
				INFOPLIST_KEY_UIApplicationSupportsIndirectInputEvents = YES;
				INFOPLIST_KEY_UILaunchScreen_Generation = YES;
				INFOPLIST_KEY_UISupportedInterfaceOrientations_iPad = "UIInterfaceOrientationPortrait UIInterfaceOrientationPortraitUpsideDown UIInterfaceOrientationLandscapeLeft UIInterfaceOrientationLandscapeRight";
				INFOPLIST_KEY_UISupportedInterfaceOrientations_iPhone = "UIInterfaceOrientationPortrait UIInterfaceOrientationLandscapeLeft UIInterfaceOrientationLandscapeRight";
				LD_RUNPATH_SEARCH_PATHS = (
					"$(inherited)",
					"@executable_path/Frameworks",
				);
				MARKETING_VERSION = 1.0;
				PRODUCT_BUNDLE_IDENTIFIER = ruiyihe.test;
				PRODUCT_NAME = "$(TARGET_NAME)";
				SWIFT_EMIT_LOC_STRINGS = YES;
				SWIFT_VERSION = 5.0;
				TARGETED_DEVICE_FAMILY = "1,2";
			};
			name = Release;
		};
/* End XCBuildConfiguration section */

/* Begin XCConfigurationList section */
		30CF33F9279F501000E67B37 /* Build configuration list for PBXProject "AggieDish" */ = {
			isa = XCConfigurationList;
			buildConfigurations = (
				30CF3420279F501100E67B37 /* Debug */,
				30CF3421279F501100E67B37 /* Release */,
			);
			defaultConfigurationIsVisible = 0;
			defaultConfigurationName = Release;
		};
		30CF3422279F501100E67B37 /* Build configuration list for PBXNativeTarget "AggieDish" */ = {
			isa = XCConfigurationList;
			buildConfigurations = (
				30CF3423279F501100E67B37 /* Debug */,
				30CF3424279F501100E67B37 /* Release */,
			);
			defaultConfigurationIsVisible = 0;
			defaultConfigurationName = Release;
		};
/* End XCConfigurationList section */

/* Begin XCRemoteSwiftPackageReference section */
		30B4401A27AF2C79007641AF /* XCRemoteSwiftPackageReference "GoogleSignIn-iOS" */ = {
			isa = XCRemoteSwiftPackageReference;
			repositoryURL = "https://github.com/google/GoogleSignIn-iOS";
			requirement = {
				kind = upToNextMajorVersion;
				minimumVersion = 6.0.0;
			};
		};
/* End XCRemoteSwiftPackageReference section */

/* Begin XCSwiftPackageProductDependency section */
		30B4401B27AF2C79007641AF /* GoogleSignIn */ = {
			isa = XCSwiftPackageProductDependency;
			package = 30B4401A27AF2C79007641AF /* XCRemoteSwiftPackageReference "GoogleSignIn-iOS" */;
			productName = GoogleSignIn;
		};
/* End XCSwiftPackageProductDependency section */
	};
	rootObject = 30CF33F6279F501000E67B37 /* Project object */;
}
